
Microsoft Visual Studio Solution File, Format Version 12.00
# Visual Studio Version 17
VisualStudioVersion = 17.8.34330.188
MinimumVisualStudioVersion = 10.0.40219.1
Project("{9A19103F-16F7-4668-BE54-9A1E7A4F7556}") = "Bitvault.Avalonia", "Bitvault.Avalonia\Bitvault.Avalonia.csproj", "{90E35182-A807-4AA2-87D9-32358C653FAE}"
EndProject
Project("{9A19103F-16F7-4668-BE54-9A1E7A4F7556}") = "Bitvault.Avalonia.Desktop", "Bitvault.Avalonia.Desktop\Bitvault.Avalonia.Desktop.csproj", "{D0067AEC-503B-4C6F-B3C9-728CA2E42B6F}"
EndProject
Project("{FAE04EC0-301F-11D3-BF4B-00C04F79EFBC}") = "Bitvault", "Bitvault\Bitvault.csproj", "{CE10F8C0-B0DB-40F1-9B6C-517C008B4E8F}"
EndProject
Global
	GlobalSection(SolutionConfigurationPlatforms) = preSolution
		Debug|Any CPU = Debug|Any CPU
		Release|Any CPU = Release|Any CPU
	EndGlobalSection
	GlobalSection(ProjectConfigurationPlatforms) = postSolution
		{90E35182-A807-4AA2-87D9-32358C653FAE}.Debug|Any CPU.ActiveCfg = Debug|Any CPU
		{90E35182-A807-4AA2-87D9-32358C653FAE}.Debug|Any CPU.Build.0 = Debug|Any CPU
		{90E35182-A807-4AA2-87D9-32358C653FAE}.Release|Any CPU.ActiveCfg = Release|Any CPU
		{90E35182-A807-4AA2-87D9-32358C653FAE}.Release|Any CPU.Build.0 = Release|Any CPU
		{D0067AEC-503B-4C6F-B3C9-728CA2E42B6F}.Debug|Any CPU.ActiveCfg = Debug|Any CPU
		{D0067AEC-503B-4C6F-B3C9-728CA2E42B6F}.Debug|Any CPU.Build.0 = Debug|Any CPU
		{D0067AEC-503B-4C6F-B3C9-728CA2E42B6F}.Release|Any CPU.ActiveCfg = Release|Any CPU
		{D0067AEC-503B-4C6F-B3C9-728CA2E42B6F}.Release|Any CPU.Build.0 = Release|Any CPU
		{CE10F8C0-B0DB-40F1-9B6C-517C008B4E8F}.Debug|Any CPU.ActiveCfg = Debug|Any CPU
		{CE10F8C0-B0DB-40F1-9B6C-517C008B4E8F}.Debug|Any CPU.Build.0 = Debug|Any CPU
		{CE10F8C0-B0DB-40F1-9B6C-517C008B4E8F}.Release|Any CPU.ActiveCfg = Release|Any CPU
		{CE10F8C0-B0DB-40F1-9B6C-517C008B4E8F}.Release|Any CPU.Build.0 = Release|Any CPU
	EndGlobalSection
	GlobalSection(SolutionProperties) = preSolution
		HideSolutionNode = FALSE
	EndGlobalSection
	GlobalSection(ExtensibilityGlobals) = postSolution
		SolutionGuid = {3F068FA9-9681-4841-AE52-C078C58FC6E1}
	EndGlobalSection
EndGlobal
